
Microsoft Visual Studio Solution File, Format Version 12.00
# Visual Studio Version 17
VisualStudioVersion = 17.9.34607.119
MinimumVisualStudioVersion = 10.0.40219.1
Project("{FAE04EC0-301F-11D3-BF4B-00C04F79EFBC}") = "proxyserver", "proxyserver\proxyserver.csproj", "{2FB72B15-07D7-43E4-A34D-DDB3E2F9FD6B}"
EndProject
Global
	GlobalSection(SolutionConfigurationPlatforms) = preSolution
		Debug|Any CPU = Debug|Any CPU
		Release|Any CPU = Release|Any CPU
	EndGlobalSection
	GlobalSection(ProjectConfigurationPlatforms) = postSolution
		{2FB72B15-07D7-43E4-A34D-DDB3E2F9FD6B}.Debug|Any CPU.ActiveCfg = Debug|Any CPU
		{2FB72B15-07D7-43E4-A34D-DDB3E2F9FD6B}.Debug|Any CPU.Build.0 = Debug|Any CPU
		{2FB72B15-07D7-43E4-A34D-DDB3E2F9FD6B}.Release|Any CPU.ActiveCfg = Release|Any CPU
		{2FB72B15-07D7-43E4-A34D-DDB3E2F9FD6B}.Release|Any CPU.Build.0 = Release|Any CPU
	EndGlobalSection
	GlobalSection(SolutionProperties) = preSolution
		HideSolutionNode = FALSE
	EndGlobalSection
	GlobalSection(ExtensibilityGlobals) = postSolution
		SolutionGuid = {ACC191BA-77A0-43F8-A6FC-FE8C831DA8A6}
	EndGlobalSection
EndGlobal
